// !$*UTF8*$!
{
	archiveVersion = 1;
	classes = {
	};
	objectVersion = 56;
	objects = {

/* Begin PBXBuildFile section */
		992CD28D290950A50015CAF4 /* CameraUI.swift in Sources */ = {isa = PBXBuildFile; fileRef = 992CD28C290950A50015CAF4 /* CameraUI.swift */; };
		992CD28F290950E30015CAF4 /* Misc.swift in Sources */ = {isa = PBXBuildFile; fileRef = 992CD28E290950E30015CAF4 /* Misc.swift */; };
		994894292907F92900587909 /* AppDelegate.swift in Sources */ = {isa = PBXBuildFile; fileRef = 994894282907F92900587909 /* AppDelegate.swift */; };
		9948942B2907F92900587909 /* SceneDelegate.swift in Sources */ = {isa = PBXBuildFile; fileRef = 9948942A2907F92900587909 /* SceneDelegate.swift */; };
		9948942D2907F92900587909 /* ViewController.swift in Sources */ = {isa = PBXBuildFile; fileRef = 9948942C2907F92900587909 /* ViewController.swift */; };
		994894302907F92900587909 /* Main.storyboard in Resources */ = {isa = PBXBuildFile; fileRef = 9948942E2907F92900587909 /* Main.storyboard */; };
		994894322907F92900587909 /* Assets.xcassets in Resources */ = {isa = PBXBuildFile; fileRef = 994894312907F92900587909 /* Assets.xcassets */; };
		994894352907F92900587909 /* LaunchScreen.storyboard in Resources */ = {isa = PBXBuildFile; fileRef = 994894332907F92900587909 /* LaunchScreen.storyboard */; };
		995EFAFA290A785100DFAE11 /* CameraManager.swift in Sources */ = {isa = PBXBuildFile; fileRef = 995EFAF9290A785100DFAE11 /* CameraManager.swift */; };
		995EFAFE290AA1E200DFAE11 /* CMAuth.swift in Sources */ = {isa = PBXBuildFile; fileRef = 995EFAFD290AA1E200DFAE11 /* CMAuth.swift */; };
		99861679291297FD004805C8 /* CUIExtras.swift in Sources */ = {isa = PBXBuildFile; fileRef = 99861678291297FD004805C8 /* CUIExtras.swift */; };
		9986167B2912A324004805C8 /* CMPhotoCapture.swift in Sources */ = {isa = PBXBuildFile; fileRef = 9986167A2912A324004805C8 /* CMPhotoCapture.swift */; };
		9986167D2912A38A004805C8 /* CMVideoCapture.swift in Sources */ = {isa = PBXBuildFile; fileRef = 9986167C2912A38A004805C8 /* CMVideoCapture.swift */; };
		999CD1A5290C1ADF006F5FC9 /* CMFeatures.swift in Sources */ = {isa = PBXBuildFile; fileRef = 999CD1A4290C1ADF006F5FC9 /* CMFeatures.swift */; };
/* End PBXBuildFile section */

/* Begin PBXFileReference section */
		992CD28C290950A50015CAF4 /* CameraUI.swift */ = {isa = PBXFileReference; lastKnownFileType = sourcecode.swift; path = CameraUI.swift; sourceTree = "<group>"; };
		992CD28E290950E30015CAF4 /* Misc.swift */ = {isa = PBXFileReference; lastKnownFileType = sourcecode.swift; path = Misc.swift; sourceTree = "<group>"; };
		994894252907F92900587909 /* CameraApp.app */ = {isa = PBXFileReference; explicitFileType = wrapper.application; includeInIndex = 0; path = CameraApp.app; sourceTree = BUILT_PRODUCTS_DIR; };
		994894282907F92900587909 /* AppDelegate.swift */ = {isa = PBXFileReference; lastKnownFileType = sourcecode.swift; path = AppDelegate.swift; sourceTree = "<group>"; };
		9948942A2907F92900587909 /* SceneDelegate.swift */ = {isa = PBXFileReference; lastKnownFileType = sourcecode.swift; path = SceneDelegate.swift; sourceTree = "<group>"; };
		9948942C2907F92900587909 /* ViewController.swift */ = {isa = PBXFileReference; lastKnownFileType = sourcecode.swift; path = ViewController.swift; sourceTree = "<group>"; };
		9948942F2907F92900587909 /* Base */ = {isa = PBXFileReference; lastKnownFileType = file.storyboard; name = Base; path = Base.lproj/Main.storyboard; sourceTree = "<group>"; };
		994894312907F92900587909 /* Assets.xcassets */ = {isa = PBXFileReference; lastKnownFileType = folder.assetcatalog; path = Assets.xcassets; sourceTree = "<group>"; };
		994894342907F92900587909 /* Base */ = {isa = PBXFileReference; lastKnownFileType = file.storyboard; name = Base; path = Base.lproj/LaunchScreen.storyboard; sourceTree = "<group>"; };
		994894362907F92900587909 /* Info.plist */ = {isa = PBXFileReference; lastKnownFileType = text.plist.xml; path = Info.plist; sourceTree = "<group>"; };
		995EFAF9290A785100DFAE11 /* CameraManager.swift */ = {isa = PBXFileReference; lastKnownFileType = sourcecode.swift; path = CameraManager.swift; sourceTree = "<group>"; };
		995EFAFD290AA1E200DFAE11 /* CMAuth.swift */ = {isa = PBXFileReference; lastKnownFileType = sourcecode.swift; path = CMAuth.swift; sourceTree = "<group>"; };
		99861678291297FD004805C8 /* CUIExtras.swift */ = {isa = PBXFileReference; lastKnownFileType = sourcecode.swift; path = CUIExtras.swift; sourceTree = "<group>"; };
		9986167A2912A324004805C8 /* CMPhotoCapture.swift */ = {isa = PBXFileReference; lastKnownFileType = sourcecode.swift; path = CMPhotoCapture.swift; sourceTree = "<group>"; };
		9986167C2912A38A004805C8 /* CMVideoCapture.swift */ = {isa = PBXFileReference; lastKnownFileType = sourcecode.swift; path = CMVideoCapture.swift; sourceTree = "<group>"; };
		9994FEDB290FBAE400109AB2 /* Todo.md */ = {isa = PBXFileReference; lastKnownFileType = net.daringfireball.markdown; path = Todo.md; sourceTree = "<group>"; };
		999CD1A4290C1ADF006F5FC9 /* CMFeatures.swift */ = {isa = PBXFileReference; lastKnownFileType = sourcecode.swift; path = CMFeatures.swift; sourceTree = "<group>"; };
/* End PBXFileReference section */

/* Begin PBXFrameworksBuildPhase section */
		994894222907F92900587909 /* Frameworks */ = {
			isa = PBXFrameworksBuildPhase;
			buildActionMask = 2147483647;
			files = (
			);
			runOnlyForDeploymentPostprocessing = 0;
		};
/* End PBXFrameworksBuildPhase section */

/* Begin PBXGroup section */
		9948941C2907F92900587909 = {
			isa = PBXGroup;
			children = (
				994894272907F92900587909 /* CameraApp */,
				994894262907F92900587909 /* Products */,
			);
			sourceTree = "<group>";
		};
		994894262907F92900587909 /* Products */ = {
			isa = PBXGroup;
			children = (
				994894252907F92900587909 /* CameraApp.app */,
			);
			name = Products;
			sourceTree = "<group>";
		};
		994894272907F92900587909 /* CameraApp */ = {
			isa = PBXGroup;
			children = (
				994894282907F92900587909 /* AppDelegate.swift */,
				9948942A2907F92900587909 /* SceneDelegate.swift */,
				995EFAFF290AA2F500DFAE11 /* Camera */,
				999CD1A1290C05CC006F5FC9 /* ViewController */,
				9986167529128A09004805C8 /* CameraUI */,
				992CD28E290950E30015CAF4 /* Misc.swift */,
				9948942E2907F92900587909 /* Main.storyboard */,
				994894312907F92900587909 /* Assets.xcassets */,
				994894332907F92900587909 /* LaunchScreen.storyboard */,
				994894362907F92900587909 /* Info.plist */,
				9994FEDB290FBAE400109AB2 /* Todo.md */,
			);
			path = CameraApp;
			sourceTree = "<group>";
		};
		995EFAFF290AA2F500DFAE11 /* Camera */ = {
			isa = PBXGroup;
			children = (
				995EFAF9290A785100DFAE11 /* CameraManager.swift */,
				999CD1A4290C1ADF006F5FC9 /* CMFeatures.swift */,
				995EFAFD290AA1E200DFAE11 /* CMAuth.swift */,
				9986167A2912A324004805C8 /* CMPhotoCapture.swift */,
				9986167C2912A38A004805C8 /* CMVideoCapture.swift */,
			);
			path = Camera;
			sourceTree = "<group>";
		};
		9986167529128A09004805C8 /* CameraUI */ = {
			isa = PBXGroup;
			children = (
				992CD28C290950A50015CAF4 /* CameraUI.swift */,
				99861678291297FD004805C8 /* CUIExtras.swift */,
			);
			path = CameraUI;
			sourceTree = "<group>";
		};
		999CD1A1290C05CC006F5FC9 /* ViewController */ = {
			isa = PBXGroup;
			children = (
				9948942C2907F92900587909 /* ViewController.swift */,
			);
			path = ViewController;
			sourceTree = "<group>";
		};
/* End PBXGroup section */

/* Begin PBXNativeTarget section */
		994894242907F92900587909 /* CameraApp */ = {
			isa = PBXNativeTarget;
			buildConfigurationList = 994894392907F92900587909 /* Build configuration list for PBXNativeTarget "CameraApp" */;
			buildPhases = (
				994894212907F92900587909 /* Sources */,
				994894222907F92900587909 /* Frameworks */,
				994894232907F92900587909 /* Resources */,
			);
			buildRules = (
			);
			dependencies = (
			);
			name = CameraApp;
			productName = CameraApp;
			productReference = 994894252907F92900587909 /* CameraApp.app */;
			productType = "com.apple.product-type.application";
		};
/* End PBXNativeTarget section */

/* Begin PBXProject section */
		9948941D2907F92900587909 /* Project object */ = {
			isa = PBXProject;
			attributes = {
				LastSwiftUpdateCheck = 1400;
				LastUpgradeCheck = 1400;
				TargetAttributes = {
					994894242907F92900587909 = {
						CreatedOnToolsVersion = 14.0.1;
					};
				};
			};
			buildConfigurationList = 994894202907F92900587909 /* Build configuration list for PBXProject "CameraApp" */;
			compatibilityVersion = "Xcode 14.0";
			developmentRegion = en;
			hasScannedForEncodings = 0;
			knownRegions = (
				en,
				Base,
			);
			mainGroup = 9948941C2907F92900587909;
			productRefGroup = 994894262907F92900587909 /* Products */;
			projectDirPath = "";
			projectRoot = "";
			targets = (
				994894242907F92900587909 /* CameraApp */,
			);
		};
/* End PBXProject section */

/* Begin PBXResourcesBuildPhase section */
		994894232907F92900587909 /* Resources */ = {
			isa = PBXResourcesBuildPhase;
			buildActionMask = 2147483647;
			files = (
				994894352907F92900587909 /* LaunchScreen.storyboard in Resources */,
				994894322907F92900587909 /* Assets.xcassets in Resources */,
				994894302907F92900587909 /* Main.storyboard in Resources */,
			);
			runOnlyForDeploymentPostprocessing = 0;
		};
/* End PBXResourcesBuildPhase section */

/* Begin PBXSourcesBuildPhase section */
		994894212907F92900587909 /* Sources */ = {
			isa = PBXSourcesBuildPhase;
			buildActionMask = 2147483647;
			files = (
				9948942D2907F92900587909 /* ViewController.swift in Sources */,
				994894292907F92900587909 /* AppDelegate.swift in Sources */,
				992CD28D290950A50015CAF4 /* CameraUI.swift in Sources */,
				9986167B2912A324004805C8 /* CMPhotoCapture.swift in Sources */,
				99861679291297FD004805C8 /* CUIExtras.swift in Sources */,
				9986167D2912A38A004805C8 /* CMVideoCapture.swift in Sources */,
				9948942B2907F92900587909 /* SceneDelegate.swift in Sources */,
				992CD28F290950E30015CAF4 /* Misc.swift in Sources */,
				995EFAFA290A785100DFAE11 /* CameraManager.swift in Sources */,
				995EFAFE290AA1E200DFAE11 /* CMAuth.swift in Sources */,
				999CD1A5290C1ADF006F5FC9 /* CMFeatures.swift in Sources */,
			);
			runOnlyForDeploymentPostprocessing = 0;
		};
/* End PBXSourcesBuildPhase section */

/* Begin PBXVariantGroup section */
		9948942E2907F92900587909 /* Main.storyboard */ = {
			isa = PBXVariantGroup;
			children = (
				9948942F2907F92900587909 /* Base */,
			);
			name = Main.storyboard;
			sourceTree = "<group>";
		};
		994894332907F92900587909 /* LaunchScreen.storyboard */ = {
			isa = PBXVariantGroup;
			children = (
				994894342907F92900587909 /* Base */,
			);
			name = LaunchScreen.storyboard;
			sourceTree = "<group>";
		};
/* End PBXVariantGroup section */

/* Begin XCBuildConfiguration section */
		994894372907F92900587909 /* Debug */ = {
			isa = XCBuildConfiguration;
			buildSettings = {
				ALWAYS_SEARCH_USER_PATHS = NO;
				CLANG_ANALYZER_NONNULL = YES;
				CLANG_ANALYZER_NUMBER_OBJECT_CONVERSION = YES_AGGRESSIVE;
				CLANG_CXX_LANGUAGE_STANDARD = "gnu++20";
				CLANG_ENABLE_MODULES = YES;
				CLANG_ENABLE_OBJC_ARC = YES;
				CLANG_ENABLE_OBJC_WEAK = YES;
				CLANG_WARN_BLOCK_CAPTURE_AUTORELEASING = YES;
				CLANG_WARN_BOOL_CONVERSION = YES;
				CLANG_WARN_COMMA = YES;
				CLANG_WARN_CONSTANT_CONVERSION = YES;
				CLANG_WARN_DEPRECATED_OBJC_IMPLEMENTATIONS = YES;
				CLANG_WARN_DIRECT_OBJC_ISA_USAGE = YES_ERROR;
				CLANG_WARN_DOCUMENTATION_COMMENTS = YES;
				CLANG_WARN_EMPTY_BODY = YES;
				CLANG_WARN_ENUM_CONVERSION = YES;
				CLANG_WARN_INFINITE_RECURSION = YES;
				CLANG_WARN_INT_CONVERSION = YES;
				CLANG_WARN_NON_LITERAL_NULL_CONVERSION = YES;
				CLANG_WARN_OBJC_IMPLICIT_RETAIN_SELF = YES;
				CLANG_WARN_OBJC_LITERAL_CONVERSION = YES;
				CLANG_WARN_OBJC_ROOT_CLASS = YES_ERROR;
				CLANG_WARN_QUOTED_INCLUDE_IN_FRAMEWORK_HEADER = YES;
				CLANG_WARN_RANGE_LOOP_ANALYSIS = YES;
				CLANG_WARN_STRICT_PROTOTYPES = YES;
				CLANG_WARN_SUSPICIOUS_MOVE = YES;
				CLANG_WARN_UNGUARDED_AVAILABILITY = YES_AGGRESSIVE;
				CLANG_WARN_UNREACHABLE_CODE = YES;
				CLANG_WARN__DUPLICATE_METHOD_MATCH = YES;
				COPY_PHASE_STRIP = NO;
				DEBUG_INFORMATION_FORMAT = dwarf;
				ENABLE_STRICT_OBJC_MSGSEND = YES;
				ENABLE_TESTABILITY = YES;
				GCC_C_LANGUAGE_STANDARD = gnu11;
				GCC_DYNAMIC_NO_PIC = NO;
				GCC_NO_COMMON_BLOCKS = YES;
				GCC_OPTIMIZATION_LEVEL = 0;
				GCC_PREPROCESSOR_DEFINITIONS = (
					"DEBUG=1",
					"$(inherited)",
				);
				GCC_WARN_64_TO_32_BIT_CONVERSION = YES;
				GCC_WARN_ABOUT_RETURN_TYPE = YES_ERROR;
				GCC_WARN_UNDECLARED_SELECTOR = YES;
				GCC_WARN_UNINITIALIZED_AUTOS = YES_AGGRESSIVE;
				GCC_WARN_UNUSED_FUNCTION = YES;
				GCC_WARN_UNUSED_VARIABLE = YES;
				IPHONEOS_DEPLOYMENT_TARGET = 16.0;
				MTL_ENABLE_DEBUG_INFO = INCLUDE_SOURCE;
				MTL_FAST_MATH = YES;
				ONLY_ACTIVE_ARCH = YES;
				SDKROOT = iphoneos;
				SWIFT_ACTIVE_COMPILATION_CONDITIONS = DEBUG;
				SWIFT_OPTIMIZATION_LEVEL = "-Onone";
			};
			name = Debug;
		};
		994894382907F92900587909 /* Release */ = {
			isa = XCBuildConfiguration;
			buildSettings = {
				ALWAYS_SEARCH_USER_PATHS = NO;
				CLANG_ANALYZER_NONNULL = YES;
				CLANG_ANALYZER_NUMBER_OBJECT_CONVERSION = YES_AGGRESSIVE;
				CLANG_CXX_LANGUAGE_STANDARD = "gnu++20";
				CLANG_ENABLE_MODULES = YES;
				CLANG_ENABLE_OBJC_ARC = YES;
				CLANG_ENABLE_OBJC_WEAK = YES;
				CLANG_WARN_BLOCK_CAPTURE_AUTORELEASING = YES;
				CLANG_WARN_BOOL_CONVERSION = YES;
				CLANG_WARN_COMMA = YES;
				CLANG_WARN_CONSTANT_CONVERSION = YES;
				CLANG_WARN_DEPRECATED_OBJC_IMPLEMENTATIONS = YES;
				CLANG_WARN_DIRECT_OBJC_ISA_USAGE = YES_ERROR;
				CLANG_WARN_DOCUMENTATION_COMMENTS = YES;
				CLANG_WARN_EMPTY_BODY = YES;
				CLANG_WARN_ENUM_CONVERSION = YES;
				CLANG_WARN_INFINITE_RECURSION = YES;
				CLANG_WARN_INT_CONVERSION = YES;
				CLANG_WARN_NON_LITERAL_NULL_CONVERSION = YES;
				CLANG_WARN_OBJC_IMPLICIT_RETAIN_SELF = YES;
				CLANG_WARN_OBJC_LITERAL_CONVERSION = YES;
				CLANG_WARN_OBJC_ROOT_CLASS = YES_ERROR;
				CLANG_WARN_QUOTED_INCLUDE_IN_FRAMEWORK_HEADER = YES;
				CLANG_WARN_RANGE_LOOP_ANALYSIS = YES;
				CLANG_WARN_STRICT_PROTOTYPES = YES;
				CLANG_WARN_SUSPICIOUS_MOVE = YES;
				CLANG_WARN_UNGUARDED_AVAILABILITY = YES_AGGRESSIVE;
				CLANG_WARN_UNREACHABLE_CODE = YES;
				CLANG_WARN__DUPLICATE_METHOD_MATCH = YES;
				COPY_PHASE_STRIP = NO;
				DEBUG_INFORMATION_FORMAT = "dwarf-with-dsym";
				ENABLE_NS_ASSERTIONS = NO;
				ENABLE_STRICT_OBJC_MSGSEND = YES;
				GCC_C_LANGUAGE_STANDARD = gnu11;
				GCC_NO_COMMON_BLOCKS = YES;
				GCC_WARN_64_TO_32_BIT_CONVERSION = YES;
				GCC_WARN_ABOUT_RETURN_TYPE = YES_ERROR;
				GCC_WARN_UNDECLARED_SELECTOR = YES;
				GCC_WARN_UNINITIALIZED_AUTOS = YES_AGGRESSIVE;
				GCC_WARN_UNUSED_FUNCTION = YES;
				GCC_WARN_UNUSED_VARIABLE = YES;
				IPHONEOS_DEPLOYMENT_TARGET = 16.0;
				MTL_ENABLE_DEBUG_INFO = NO;
				MTL_FAST_MATH = YES;
				SDKROOT = iphoneos;
				SWIFT_COMPILATION_MODE = wholemodule;
				SWIFT_OPTIMIZATION_LEVEL = "-O";
				VALIDATE_PRODUCT = YES;
			};
			name = Release;
		};
		9948943A2907F92900587909 /* Debug */ = {
			isa = XCBuildConfiguration;
			buildSettings = {
				ASSETCATALOG_COMPILER_GLOBAL_ACCENT_COLOR_NAME = AccentColor;
				CODE_SIGN_STYLE = Automatic;
				CURRENT_PROJECT_VERSION = 1;
				DEVELOPMENT_TEAM = 84UU59T6MY;
				GENERATE_INFOPLIST_FILE = YES;
				INFOPLIST_FILE = CameraApp/Info.plist;
				INFOPLIST_KEY_NSCameraUsageDescription = "дай пж";
				INFOPLIST_KEY_NSMicrophoneUsageDescription = "дай пж";
				INFOPLIST_KEY_NSPhotoLibraryUsageDescription = "дай пж";
				INFOPLIST_KEY_UIApplicationSupportsIndirectInputEvents = YES;
				INFOPLIST_KEY_UILaunchStoryboardName = LaunchScreen;
				INFOPLIST_KEY_UIMainStoryboardFile = Main;
				INFOPLIST_KEY_UIRequiresFullScreen = YES;
				INFOPLIST_KEY_UIStatusBarStyle = "";
				INFOPLIST_KEY_UISupportedInterfaceOrientations = UIInterfaceOrientationPortrait;
				IPHONEOS_DEPLOYMENT_TARGET = 14.4;
				LD_RUNPATH_SEARCH_PATHS = (
					"$(inherited)",
					"@executable_path/Frameworks",
				);
				MARKETING_VERSION = 1.0;
				PRODUCT_BUNDLE_IDENTIFIER = dunice.CameraApp;
				PRODUCT_NAME = "$(TARGET_NAME)";
				SWIFT_EMIT_LOC_STRINGS = YES;
				SWIFT_VERSION = 5.0;
				TARGETED_DEVICE_FAMILY = "1,2";
			};
			name = Debug;
		};
		9948943B2907F92900587909 /* Release */ = {
			isa = XCBuildConfiguration;
			buildSettings = {
				ASSETCATALOG_COMPILER_GLOBAL_ACCENT_COLOR_NAME = AccentColor;
				CODE_SIGN_STYLE = Automatic;
				CURRENT_PROJECT_VERSION = 1;
				DEVELOPMENT_TEAM = 84UU59T6MY;
				GENERATE_INFOPLIST_FILE = YES;
				INFOPLIST_FILE = CameraApp/Info.plist;
				INFOPLIST_KEY_NSCameraUsageDescription = "дай пж";
				INFOPLIST_KEY_NSMicrophoneUsageDescription = "дай пж";
				INFOPLIST_KEY_NSPhotoLibraryUsageDescription = "дай пж";
				INFOPLIST_KEY_UIApplicationSupportsIndirectInputEvents = YES;
				INFOPLIST_KEY_UILaunchStoryboardName = LaunchScreen;
				INFOPLIST_KEY_UIMainStoryboardFile = Main;
				INFOPLIST_KEY_UIRequiresFullScreen = YES;
				INFOPLIST_KEY_UIStatusBarStyle = "";
				INFOPLIST_KEY_UISupportedInterfaceOrientations = UIInterfaceOrientationPortrait;
				IPHONEOS_DEPLOYMENT_TARGET = 14.4;
				LD_RUNPATH_SEARCH_PATHS = (
					"$(inherited)",
					"@executable_path/Frameworks",
				);
				MARKETING_VERSION = 1.0;
				PRODUCT_BUNDLE_IDENTIFIER = dunice.CameraApp;
				PRODUCT_NAME = "$(TARGET_NAME)";
				SWIFT_EMIT_LOC_STRINGS = YES;
				SWIFT_VERSION = 5.0;
				TARGETED_DEVICE_FAMILY = "1,2";
			};
			name = Release;
		};
/* End XCBuildConfiguration section */

/* Begin XCConfigurationList section */
		994894202907F92900587909 /* Build configuration list for PBXProject "CameraApp" */ = {
			isa = XCConfigurationList;
			buildConfigurations = (
				994894372907F92900587909 /* Debug */,
				994894382907F92900587909 /* Release */,
			);
			defaultConfigurationIsVisible = 0;
			defaultConfigurationName = Release;
		};
		994894392907F92900587909 /* Build configuration list for PBXNativeTarget "CameraApp" */ = {
			isa = XCConfigurationList;
			buildConfigurations = (
				9948943A2907F92900587909 /* Debug */,
				9948943B2907F92900587909 /* Release */,
			);
			defaultConfigurationIsVisible = 0;
			defaultConfigurationName = Release;
		};
/* End XCConfigurationList section */
	};
	rootObject = 9948941D2907F92900587909 /* Project object */;
}
